// !$*UTF8*$!
{
	archiveVersion = 1;
	classes = {
	};
	objectVersion = 46;
	objects = {

/* Begin PBXBuildFile section */
		FF1842DC1B74CFDD000C3F1C /* ZWTextView.m in Sources */ = {isa = PBXBuildFile; fileRef = FF1842DB1B74CFDD000C3F1C /* ZWTextView.m */; };
		FF2D89461B1DC371002FB916 /* main.m in Sources */ = {isa = PBXBuildFile; fileRef = FF2D89451B1DC371002FB916 /* main.m */; };
		FF2D89491B1DC371002FB916 /* AppDelegate.m in Sources */ = {isa = PBXBuildFile; fileRef = FF2D89481B1DC371002FB916 /* AppDelegate.m */; };
		FF2D894C1B1DC371002FB916 /* ViewController.m in Sources */ = {isa = PBXBuildFile; fileRef = FF2D894B1B1DC371002FB916 /* ViewController.m */; };
		FF2D894F1B1DC371002FB916 /* Main.storyboard in Resources */ = {isa = PBXBuildFile; fileRef = FF2D894D1B1DC371002FB916 /* Main.storyboard */; };
		FF2D89511B1DC371002FB916 /* Images.xcassets in Resources */ = {isa = PBXBuildFile; fileRef = FF2D89501B1DC371002FB916 /* Images.xcassets */; };
		FF2D89541B1DC371002FB916 /* LaunchScreen.xib in Resources */ = {isa = PBXBuildFile; fileRef = FF2D89521B1DC371002FB916 /* LaunchScreen.xib */; };
		FF2D89601B1DC371002FB916 /* RenderTests.m in Sources */ = {isa = PBXBuildFile; fileRef = FF2D895F1B1DC371002FB916 /* RenderTests.m */; };
		FF4BB69B1B3B89EA00ABBD33 /* TableLayout.m in Sources */ = {isa = PBXBuildFile; fileRef = FF4BB69A1B3B89EA00ABBD33 /* TableLayout.m */; };
		FFDC665C1B1EC67B003882EF /* LinearLayout.m in Sources */ = {isa = PBXBuildFile; fileRef = FFDC665B1B1EC67B003882EF /* LinearLayout.m */; };
/* End PBXBuildFile section */

/* Begin PBXContainerItemProxy section */
		FF2D895A1B1DC371002FB916 /* PBXContainerItemProxy */ = {
			isa = PBXContainerItemProxy;
			containerPortal = FF2D89381B1DC370002FB916 /* Project object */;
			proxyType = 1;
			remoteGlobalIDString = FF2D893F1B1DC370002FB916;
			remoteInfo = Render;
		};
/* End PBXContainerItemProxy section */

/* Begin PBXFileReference section */
		FF1842DA1B74CFDD000C3F1C /* ZWTextView.h */ = {isa = PBXFileReference; fileEncoding = 4; lastKnownFileType = sourcecode.c.h; path = ZWTextView.h; sourceTree = "<group>"; };
		FF1842DB1B74CFDD000C3F1C /* ZWTextView.m */ = {isa = PBXFileReference; fileEncoding = 4; lastKnownFileType = sourcecode.c.objc; path = ZWTextView.m; sourceTree = "<group>"; };
		FF2D89401B1DC370002FB916 /* Render.app */ = {isa = PBXFileReference; explicitFileType = wrapper.application; includeInIndex = 0; path = Render.app; sourceTree = BUILT_PRODUCTS_DIR; };
		FF2D89441B1DC370002FB916 /* Info.plist */ = {isa = PBXFileReference; lastKnownFileType = text.plist.xml; path = Info.plist; sourceTree = "<group>"; };
		FF2D89451B1DC371002FB916 /* main.m */ = {isa = PBXFileReference; lastKnownFileType = sourcecode.c.objc; path = main.m; sourceTree = "<group>"; };
		FF2D89471B1DC371002FB916 /* AppDelegate.h */ = {isa = PBXFileReference; lastKnownFileType = sourcecode.c.h; path = AppDelegate.h; sourceTree = "<group>"; };
		FF2D89481B1DC371002FB916 /* AppDelegate.m */ = {isa = PBXFileReference; lastKnownFileType = sourcecode.c.objc; path = AppDelegate.m; sourceTree = "<group>"; };
		FF2D894A1B1DC371002FB916 /* ViewController.h */ = {isa = PBXFileReference; lastKnownFileType = sourcecode.c.h; path = ViewController.h; sourceTree = "<group>"; };
		FF2D894B1B1DC371002FB916 /* ViewController.m */ = {isa = PBXFileReference; lastKnownFileType = sourcecode.c.objc; path = ViewController.m; sourceTree = "<group>"; };
		FF2D894E1B1DC371002FB916 /* Base */ = {isa = PBXFileReference; lastKnownFileType = file.storyboard; name = Base; path = Base.lproj/Main.storyboard; sourceTree = "<group>"; };
		FF2D89501B1DC371002FB916 /* Images.xcassets */ = {isa = PBXFileReference; lastKnownFileType = folder.assetcatalog; path = Images.xcassets; sourceTree = "<group>"; };
		FF2D89531B1DC371002FB916 /* Base */ = {isa = PBXFileReference; lastKnownFileType = file.xib; name = Base; path = Base.lproj/LaunchScreen.xib; sourceTree = "<group>"; };
		FF2D89591B1DC371002FB916 /* RenderTests.xctest */ = {isa = PBXFileReference; explicitFileType = wrapper.cfbundle; includeInIndex = 0; path = RenderTests.xctest; sourceTree = BUILT_PRODUCTS_DIR; };
		FF2D895E1B1DC371002FB916 /* Info.plist */ = {isa = PBXFileReference; lastKnownFileType = text.plist.xml; path = Info.plist; sourceTree = "<group>"; };
		FF2D895F1B1DC371002FB916 /* RenderTests.m */ = {isa = PBXFileReference; lastKnownFileType = sourcecode.c.objc; path = RenderTests.m; sourceTree = "<group>"; };
		FF4BB6991B3B89EA00ABBD33 /* TableLayout.h */ = {isa = PBXFileReference; fileEncoding = 4; lastKnownFileType = sourcecode.c.h; path = TableLayout.h; sourceTree = "<group>"; };
		FF4BB69A1B3B89EA00ABBD33 /* TableLayout.m */ = {isa = PBXFileReference; fileEncoding = 4; lastKnownFileType = sourcecode.c.objc; path = TableLayout.m; sourceTree = "<group>"; };
		FFDC665A1B1EC67B003882EF /* LinearLayout.h */ = {isa = PBXFileReference; fileEncoding = 4; lastKnownFileType = sourcecode.c.h; path = LinearLayout.h; sourceTree = "<group>"; };
		FFDC665B1B1EC67B003882EF /* LinearLayout.m */ = {isa = PBXFileReference; fileEncoding = 4; lastKnownFileType = sourcecode.c.objc; path = LinearLayout.m; sourceTree = "<group>"; };
/* End PBXFileReference section */

/* Begin PBXFrameworksBuildPhase section */
		FF2D893D1B1DC370002FB916 /* Frameworks */ = {
			isa = PBXFrameworksBuildPhase;
			buildActionMask = 2147483647;
			files = (
			);
			runOnlyForDeploymentPostprocessing = 0;
		};
		FF2D89561B1DC371002FB916 /* Frameworks */ = {
			isa = PBXFrameworksBuildPhase;
			buildActionMask = 2147483647;
			files = (
			);
			runOnlyForDeploymentPostprocessing = 0;
		};
/* End PBXFrameworksBuildPhase section */

/* Begin PBXGroup section */
		FF2D89371B1DC370002FB916 = {
			isa = PBXGroup;
			children = (
				FF2D89421B1DC370002FB916 /* Render */,
				FF2D895C1B1DC371002FB916 /* RenderTests */,
				FF2D89411B1DC370002FB916 /* Products */,
			);
			sourceTree = "<group>";
		};
		FF2D89411B1DC370002FB916 /* Products */ = {
			isa = PBXGroup;
			children = (
				FF2D89401B1DC370002FB916 /* Render.app */,
				FF2D89591B1DC371002FB916 /* RenderTests.xctest */,
			);
			name = Products;
			sourceTree = "<group>";
		};
		FF2D89421B1DC370002FB916 /* Render */ = {
			isa = PBXGroup;
			children = (
				FF2D89471B1DC371002FB916 /* AppDelegate.h */,
				FF2D89481B1DC371002FB916 /* AppDelegate.m */,
				FF1842DA1B74CFDD000C3F1C /* ZWTextView.h */,
				FF1842DB1B74CFDD000C3F1C /* ZWTextView.m */,
				FFDC665A1B1EC67B003882EF /* LinearLayout.h */,
				FFDC665B1B1EC67B003882EF /* LinearLayout.m */,
				FF4BB6991B3B89EA00ABBD33 /* TableLayout.h */,
				FF4BB69A1B3B89EA00ABBD33 /* TableLayout.m */,
				FF2D894A1B1DC371002FB916 /* ViewController.h */,
				FF2D894B1B1DC371002FB916 /* ViewController.m */,
				FF2D894D1B1DC371002FB916 /* Main.storyboard */,
				FF2D89501B1DC371002FB916 /* Images.xcassets */,
				FF2D89521B1DC371002FB916 /* LaunchScreen.xib */,
				FF2D89431B1DC370002FB916 /* Supporting Files */,
			);
			path = Render;
			sourceTree = "<group>";
		};
		FF2D89431B1DC370002FB916 /* Supporting Files */ = {
			isa = PBXGroup;
			children = (
				FF2D89441B1DC370002FB916 /* Info.plist */,
				FF2D89451B1DC371002FB916 /* main.m */,
			);
			name = "Supporting Files";
			sourceTree = "<group>";
		};
		FF2D895C1B1DC371002FB916 /* RenderTests */ = {
			isa = PBXGroup;
			children = (
				FF2D895F1B1DC371002FB916 /* RenderTests.m */,
				FF2D895D1B1DC371002FB916 /* Supporting Files */,
			);
			path = RenderTests;
			sourceTree = "<group>";
		};
		FF2D895D1B1DC371002FB916 /* Supporting Files */ = {
			isa = PBXGroup;
			children = (
				FF2D895E1B1DC371002FB916 /* Info.plist */,
			);
			name = "Supporting Files";
			sourceTree = "<group>";
		};
/* End PBXGroup section */

/* Begin PBXNativeTarget section */
		FF2D893F1B1DC370002FB916 /* Render */ = {
			isa = PBXNativeTarget;
			buildConfigurationList = FF2D89631B1DC371002FB916 /* Build configuration list for PBXNativeTarget "Render" */;
			buildPhases = (
				FF2D893C1B1DC370002FB916 /* Sources */,
				FF2D893D1B1DC370002FB916 /* Frameworks */,
				FF2D893E1B1DC370002FB916 /* Resources */,
			);
			buildRules = (
			);
			dependencies = (
			);
			name = Render;
			productName = Render;
			productReference = FF2D89401B1DC370002FB916 /* Render.app */;
			productType = "com.apple.product-type.application";
		};
		FF2D89581B1DC371002FB916 /* RenderTests */ = {
			isa = PBXNativeTarget;
			buildConfigurationList = FF2D89661B1DC371002FB916 /* Build configuration list for PBXNativeTarget "RenderTests" */;
			buildPhases = (
				FF2D89551B1DC371002FB916 /* Sources */,
				FF2D89561B1DC371002FB916 /* Frameworks */,
				FF2D89571B1DC371002FB916 /* Resources */,
			);
			buildRules = (
			);
			dependencies = (
				FF2D895B1B1DC371002FB916 /* PBXTargetDependency */,
			);
			name = RenderTests;
			productName = RenderTests;
			productReference = FF2D89591B1DC371002FB916 /* RenderTests.xctest */;
			productType = "com.apple.product-type.bundle.unit-test";
		};
/* End PBXNativeTarget section */

/* Begin PBXProject section */
		FF2D89381B1DC370002FB916 /* Project object */ = {
			isa = PBXProject;
			attributes = {
				LastUpgradeCheck = 0630;
				ORGANIZATIONNAME = "Vignesh Ramesh";
				TargetAttributes = {
					FF2D893F1B1DC370002FB916 = {
						CreatedOnToolsVersion = 6.3.2;
					};
					FF2D89581B1DC371002FB916 = {
						CreatedOnToolsVersion = 6.3.2;
						TestTargetID = FF2D893F1B1DC370002FB916;
					};
				};
			};
			buildConfigurationList = FF2D893B1B1DC370002FB916 /* Build configuration list for PBXProject "Render" */;
			compatibilityVersion = "Xcode 3.2";
			developmentRegion = English;
			hasScannedForEncodings = 0;
			knownRegions = (
				en,
				Base,
			);
			mainGroup = FF2D89371B1DC370002FB916;
			productRefGroup = FF2D89411B1DC370002FB916 /* Products */;
			projectDirPath = "";
			projectRoot = "";
			targets = (
				FF2D893F1B1DC370002FB916 /* Render */,
				FF2D89581B1DC371002FB916 /* RenderTests */,
			);
		};
/* End PBXProject section */

/* Begin PBXResourcesBuildPhase section */
		FF2D893E1B1DC370002FB916 /* Resources */ = {
			isa = PBXResourcesBuildPhase;
			buildActionMask = 2147483647;
			files = (
				FF2D894F1B1DC371002FB916 /* Main.storyboard in Resources */,
				FF2D89541B1DC371002FB916 /* LaunchScreen.xib in Resources */,
				FF2D89511B1DC371002FB916 /* Images.xcassets in Resources */,
			);
			runOnlyForDeploymentPostprocessing = 0;
		};
		FF2D89571B1DC371002FB916 /* Resources */ = {
			isa = PBXResourcesBuildPhase;
			buildActionMask = 2147483647;
			files = (
			);
			runOnlyForDeploymentPostprocessing = 0;
		};
/* End PBXResourcesBuildPhase section */

/* Begin PBXSourcesBuildPhase section */
		FF2D893C1B1DC370002FB916 /* Sources */ = {
			isa = PBXSourcesBuildPhase;
			buildActionMask = 2147483647;
			files = (
				FF4BB69B1B3B89EA00ABBD33 /* TableLayout.m in Sources */,
				FFDC665C1B1EC67B003882EF /* LinearLayout.m in Sources */,
				FF2D894C1B1DC371002FB916 /* ViewController.m in Sources */,
				FF2D89491B1DC371002FB916 /* AppDelegate.m in Sources */,
				FF1842DC1B74CFDD000C3F1C /* ZWTextView.m in Sources */,
				FF2D89461B1DC371002FB916 /* main.m in Sources */,
			);
			runOnlyForDeploymentPostprocessing = 0;
		};
		FF2D89551B1DC371002FB916 /* Sources */ = {
			isa = PBXSourcesBuildPhase;
			buildActionMask = 2147483647;
			files = (
				FF2D89601B1DC371002FB916 /* RenderTests.m in Sources */,
			);
			runOnlyForDeploymentPostprocessing = 0;
		};
/* End PBXSourcesBuildPhase section */

/* Begin PBXTargetDependency section */
		FF2D895B1B1DC371002FB916 /* PBXTargetDependency */ = {
			isa = PBXTargetDependency;
			target = FF2D893F1B1DC370002FB916 /* Render */;
			targetProxy = FF2D895A1B1DC371002FB916 /* PBXContainerItemProxy */;
		};
/* End PBXTargetDependency section */

/* Begin PBXVariantGroup section */
		FF2D894D1B1DC371002FB916 /* Main.storyboard */ = {
			isa = PBXVariantGroup;
			children = (
				FF2D894E1B1DC371002FB916 /* Base */,
			);
			name = Main.storyboard;
			sourceTree = "<group>";
		};
		FF2D89521B1DC371002FB916 /* LaunchScreen.xib */ = {
			isa = PBXVariantGroup;
			children = (
				FF2D89531B1DC371002FB916 /* Base */,
			);
			name = LaunchScreen.xib;
			sourceTree = "<group>";
		};
/* End PBXVariantGroup section */

/* Begin XCBuildConfiguration section */
		FF2D89611B1DC371002FB916 /* Debug */ = {
			isa = XCBuildConfiguration;
			buildSettings = {
				ALWAYS_SEARCH_USER_PATHS = NO;
				CLANG_CXX_LANGUAGE_STANDARD = "gnu++0x";
				CLANG_CXX_LIBRARY = "libc++";
				CLANG_ENABLE_MODULES = YES;
				CLANG_ENABLE_OBJC_ARC = YES;
				CLANG_WARN_BOOL_CONVERSION = YES;
				CLANG_WARN_CONSTANT_CONVERSION = YES;
				CLANG_WARN_DIRECT_OBJC_ISA_USAGE = YES_ERROR;
				CLANG_WARN_EMPTY_BODY = YES;
				CLANG_WARN_ENUM_CONVERSION = YES;
				CLANG_WARN_INT_CONVERSION = YES;
				CLANG_WARN_OBJC_ROOT_CLASS = YES_ERROR;
				CLANG_WARN_UNREACHABLE_CODE = YES;
				CLANG_WARN__DUPLICATE_METHOD_MATCH = YES;
				"CODE_SIGN_IDENTITY[sdk=iphoneos*]" = "iPhone Developer";
				COPY_PHASE_STRIP = NO;
				DEBUG_INFORMATION_FORMAT = "dwarf-with-dsym";
				ENABLE_STRICT_OBJC_MSGSEND = YES;
				GCC_C_LANGUAGE_STANDARD = gnu99;
				GCC_DYNAMIC_NO_PIC = NO;
				GCC_NO_COMMON_BLOCKS = YES;
				GCC_OPTIMIZATION_LEVEL = 0;
				GCC_PREPROCESSOR_DEFINITIONS = (
					"DEBUG=1",
					"$(inherited)",
				);
				GCC_SYMBOLS_PRIVATE_EXTERN = NO;
				GCC_WARN_64_TO_32_BIT_CONVERSION = YES;
				GCC_WARN_ABOUT_RETURN_TYPE = YES_ERROR;
				GCC_WARN_UNDECLARED_SELECTOR = YES;
				GCC_WARN_UNINITIALIZED_AUTOS = YES_AGGRESSIVE;
				GCC_WARN_UNUSED_FUNCTION = YES;
				GCC_WARN_UNUSED_VARIABLE = YES;
				IPHONEOS_DEPLOYMENT_TARGET = 8.3;
				MTL_ENABLE_DEBUG_INFO = YES;
				ONLY_ACTIVE_ARCH = YES;
				SDKROOT = iphoneos;
				TARGETED_DEVICE_FAMILY = "1,2";
			};
			name = Debug;
		};
		FF2D89621B1DC371002FB916 /* Release */ = {
			isa = XCBuildConfiguration;
			buildSettings = {
				ALWAYS_SEARCH_USER_PATHS = NO;
				CLANG_CXX_LANGUAGE_STANDARD = "gnu++0x";
				CLANG_CXX_LIBRARY = "libc++";
				CLANG_ENABLE_MODULES = YES;
				CLANG_ENABLE_OBJC_ARC = YES;
				CLANG_WARN_BOOL_CONVERSION = YES;
				CLANG_WARN_CONSTANT_CONVERSION = YES;
				CLANG_WARN_DIRECT_OBJC_ISA_USAGE = YES_ERROR;
				CLANG_WARN_EMPTY_BODY = YES;
				CLANG_WARN_ENUM_CONVERSION = YES;
				CLANG_WARN_INT_CONVERSION = YES;
				CLANG_WARN_OBJC_ROOT_CLASS = YES_ERROR;
				CLANG_WARN_UNREACHABLE_CODE = YES;
				CLANG_WARN__DUPLICATE_METHOD_MATCH = YES;
				"CODE_SIGN_IDENTITY[sdk=iphoneos*]" = "iPhone Developer";
				COPY_PHASE_STRIP = NO;
				DEBUG_INFORMATION_FORMAT = "dwarf-with-dsym";
				ENABLE_NS_ASSERTIONS = NO;
				ENABLE_STRICT_OBJC_MSGSEND = YES;
				GCC_C_LANGUAGE_STANDARD = gnu99;
				GCC_NO_COMMON_BLOCKS = YES;
				GCC_WARN_64_TO_32_BIT_CONVERSION = YES;
				GCC_WARN_ABOUT_RETURN_TYPE = YES_ERROR;
				GCC_WARN_UNDECLARED_SELECTOR = YES;
				GCC_WARN_UNINITIALIZED_AUTOS = YES_AGGRESSIVE;
				GCC_WARN_UNUSED_FUNCTION = YES;
				GCC_WARN_UNUSED_VARIABLE = YES;
				IPHONEOS_DEPLOYMENT_TARGET = 8.3;
				MTL_ENABLE_DEBUG_INFO = NO;
				SDKROOT = iphoneos;
				TARGETED_DEVICE_FAMILY = "1,2";
				VALIDATE_PRODUCT = YES;
			};
			name = Release;
		};
		FF2D89641B1DC371002FB916 /* Debug */ = {
			isa = XCBuildConfiguration;
			buildSettings = {
				ASSETCATALOG_COMPILER_APPICON_NAME = AppIcon;
				INFOPLIST_FILE = Render/Info.plist;
				LD_RUNPATH_SEARCH_PATHS = "$(inherited) @executable_path/Frameworks";
				PRODUCT_NAME = "$(TARGET_NAME)";
			};
			name = Debug;
		};
		FF2D89651B1DC371002FB916 /* Release */ = {
			isa = XCBuildConfiguration;
			buildSettings = {
				ASSETCATALOG_COMPILER_APPICON_NAME = AppIcon;
				INFOPLIST_FILE = Render/Info.plist;
				LD_RUNPATH_SEARCH_PATHS = "$(inherited) @executable_path/Frameworks";
				PRODUCT_NAME = "$(TARGET_NAME)";
			};
			name = Release;
		};
		FF2D89671B1DC371002FB916 /* Debug */ = {
			isa = XCBuildConfiguration;
			buildSettings = {
				BUNDLE_LOADER = "$(TEST_HOST)";
				FRAMEWORK_SEARCH_PATHS = (
					"$(SDKROOT)/Developer/Library/Frameworks",
					"$(inherited)",
				);
				GCC_PREPROCESSOR_DEFINITIONS = (
					"DEBUG=1",
					"$(inherited)",
				);
				INFOPLIST_FILE = RenderTests/Info.plist;
				LD_RUNPATH_SEARCH_PATHS = "$(inherited) @executable_path/Frameworks @loader_path/Frameworks";
				PRODUCT_NAME = "$(TARGET_NAME)";
				TEST_HOST = "$(BUILT_PRODUCTS_DIR)/Render.app/Render";
			};
			name = Debug;
		};
		FF2D89681B1DC371002FB916 /* Release */ = {
			isa = XCBuildConfiguration;
			buildSettings = {
				BUNDLE_LOADER = "$(TEST_HOST)";
				FRAMEWORK_SEARCH_PATHS = (
					"$(SDKROOT)/Developer/Library/Frameworks",
					"$(inherited)",
				);
				INFOPLIST_FILE = RenderTests/Info.plist;
				LD_RUNPATH_SEARCH_PATHS = "$(inherited) @executable_path/Frameworks @loader_path/Frameworks";
				PRODUCT_NAME = "$(TARGET_NAME)";
				TEST_HOST = "$(BUILT_PRODUCTS_DIR)/Render.app/Render";
			};
			name = Release;
		};
/* End XCBuildConfiguration section */

/* Begin XCConfigurationList section */
		FF2D893B1B1DC370002FB916 /* Build configuration list for PBXProject "Render" */ = {
			isa = XCConfigurationList;
			buildConfigurations = (
				FF2D89611B1DC371002FB916 /* Debug */,
				FF2D89621B1DC371002FB916 /* Release */,
			);
			defaultConfigurationIsVisible = 0;
			defaultConfigurationName = Release;
		};
		FF2D89631B1DC371002FB916 /* Build configuration list for PBXNativeTarget "Render" */ = {
			isa = XCConfigurationList;
			buildConfigurations = (
				FF2D89641B1DC371002FB916 /* Debug */,
				FF2D89651B1DC371002FB916 /* Release */,
			);
			defaultConfigurationIsVisible = 0;
			defaultConfigurationName = Release;
		};
		FF2D89661B1DC371002FB916 /* Build configuration list for PBXNativeTarget "RenderTests" */ = {
			isa = XCConfigurationList;
			buildConfigurations = (
				FF2D89671B1DC371002FB916 /* Debug */,
				FF2D89681B1DC371002FB916 /* Release */,
			);
			defaultConfigurationIsVisible = 0;
			defaultConfigurationName = Release;
		};
/* End XCConfigurationList section */
	};
	rootObject = FF2D89381B1DC370002FB916 /* Project object */;
}
